// !$*UTF8*$!
{
	archiveVersion = 1;
	classes = {
	};
	objectVersion = 51;
	objects = {

/* Begin PBXBuildFile section */
		051035491EBF3B150FDCCD1B /* Pods_Skyeng.framework in Frameworks */ = {isa = PBXBuildFile; fileRef = EA59D0E2FED8215FBA719E2E /* Pods_Skyeng.framework */; };
		DA2746322510B5C400EE87D0 /* AppDelegate.swift in Sources */ = {isa = PBXBuildFile; fileRef = DA2746312510B5C400EE87D0 /* AppDelegate.swift */; };
		DA2746342510B5C400EE87D0 /* SceneDelegate.swift in Sources */ = {isa = PBXBuildFile; fileRef = DA2746332510B5C400EE87D0 /* SceneDelegate.swift */; };
		DA2746392510B5C400EE87D0 /* Main.storyboard in Resources */ = {isa = PBXBuildFile; fileRef = DA2746372510B5C400EE87D0 /* Main.storyboard */; };
		DA27463B2510B5C500EE87D0 /* Assets.xcassets in Resources */ = {isa = PBXBuildFile; fileRef = DA27463A2510B5C500EE87D0 /* Assets.xcassets */; };
		DA27463E2510B5C500EE87D0 /* LaunchScreen.storyboard in Resources */ = {isa = PBXBuildFile; fileRef = DA27463C2510B5C500EE87D0 /* LaunchScreen.storyboard */; };
		DA2746492510B5C500EE87D0 /* SkyengTests.swift in Sources */ = {isa = PBXBuildFile; fileRef = DA2746482510B5C500EE87D0 /* SkyengTests.swift */; };
		DA27465F2510B74500EE87D0 /* SKYSearchPresenter.swift in Sources */ = {isa = PBXBuildFile; fileRef = DA2746592510B74500EE87D0 /* SKYSearchPresenter.swift */; };
		DA2746602510B74500EE87D0 /* SKYSearchRouter.swift in Sources */ = {isa = PBXBuildFile; fileRef = DA27465A2510B74500EE87D0 /* SKYSearchRouter.swift */; };
		DA2746612510B74500EE87D0 /* SKYSearchViewController.swift in Sources */ = {isa = PBXBuildFile; fileRef = DA27465B2510B74500EE87D0 /* SKYSearchViewController.swift */; };
		DA2746622510B74500EE87D0 /* SKYSearchProtocols.swift in Sources */ = {isa = PBXBuildFile; fileRef = DA27465C2510B74500EE87D0 /* SKYSearchProtocols.swift */; };
		DA2746632510B74500EE87D0 /* SKYSearchAssembly.swift in Sources */ = {isa = PBXBuildFile; fileRef = DA27465D2510B74500EE87D0 /* SKYSearchAssembly.swift */; };
		DA2746642510B74500EE87D0 /* SKYSearchInteractor.swift in Sources */ = {isa = PBXBuildFile; fileRef = DA27465E2510B74500EE87D0 /* SKYSearchInteractor.swift */; };
		DA5241052510DFE8006C77AD /* SKYWordPresenter.swift in Sources */ = {isa = PBXBuildFile; fileRef = DA5240FF2510DFE8006C77AD /* SKYWordPresenter.swift */; };
		DA5241062510DFE8006C77AD /* SKYWordRouter.swift in Sources */ = {isa = PBXBuildFile; fileRef = DA5241002510DFE8006C77AD /* SKYWordRouter.swift */; };
		DA5241072510DFE8006C77AD /* SKYWordViewController.swift in Sources */ = {isa = PBXBuildFile; fileRef = DA5241012510DFE8006C77AD /* SKYWordViewController.swift */; };
		DA5241082510DFE8006C77AD /* SKYWordProtocols.swift in Sources */ = {isa = PBXBuildFile; fileRef = DA5241022510DFE8006C77AD /* SKYWordProtocols.swift */; };
		DA5241092510DFE8006C77AD /* SKYWordAssembly.swift in Sources */ = {isa = PBXBuildFile; fileRef = DA5241032510DFE8006C77AD /* SKYWordAssembly.swift */; };
		DA52410A2510DFE8006C77AD /* SKYWordInteractor.swift in Sources */ = {isa = PBXBuildFile; fileRef = DA5241042510DFE8006C77AD /* SKYWordInteractor.swift */; };
		DA52410E2510E367006C77AD /* SKYWordDataManager.swift in Sources */ = {isa = PBXBuildFile; fileRef = DA52410D2510E367006C77AD /* SKYWordDataManager.swift */; };
		DA5241172510E5DC006C77AD /* SKYMeaningCell.swift in Sources */ = {isa = PBXBuildFile; fileRef = DA5241152510E5DC006C77AD /* SKYMeaningCell.swift */; };
		DA5241182510E5DC006C77AD /* SKYMeaningCell.xib in Resources */ = {isa = PBXBuildFile; fileRef = DA5241162510E5DC006C77AD /* SKYMeaningCell.xib */; };
		DA9EAEA82510F6580065E9DE /* SKYRequestTest.swift in Sources */ = {isa = PBXBuildFile; fileRef = DA9EAEA72510F6580065E9DE /* SKYRequestTest.swift */; };
		DAFBEFF42510BB180026942F /* NetworkItems.swift in Sources */ = {isa = PBXBuildFile; fileRef = DAFBEFED2510BB180026942F /* NetworkItems.swift */; };
		DAFBEFF52510BB180026942F /* AlertMessage.swift in Sources */ = {isa = PBXBuildFile; fileRef = DAFBEFEF2510BB180026942F /* AlertMessage.swift */; };
		DAFBEFF62510BB180026942F /* APIManager.swift in Sources */ = {isa = PBXBuildFile; fileRef = DAFBEFF02510BB180026942F /* APIManager.swift */; };
		DAFBEFF72510BB180026942F /* EndPointType.swift in Sources */ = {isa = PBXBuildFile; fileRef = DAFBEFF12510BB180026942F /* EndPointType.swift */; };
		DAFBEFF82510BB180026942F /* APIManagerRetrier.swift in Sources */ = {isa = PBXBuildFile; fileRef = DAFBEFF22510BB180026942F /* APIManagerRetrier.swift */; };
		DAFBEFF92510BB180026942F /* NetworkError.swift in Sources */ = {isa = PBXBuildFile; fileRef = DAFBEFF32510BB180026942F /* NetworkError.swift */; };
		DAFBEFFB2510CC110026942F /* SKYSearchDataManager.swift in Sources */ = {isa = PBXBuildFile; fileRef = DAFBEFFA2510CC110026942F /* SKYSearchDataManager.swift */; };
		DAFBEFFE2510CF610026942F /* SKYTableViewCell.swift in Sources */ = {isa = PBXBuildFile; fileRef = DAFBEFFD2510CF610026942F /* SKYTableViewCell.swift */; };
		DAFBF0002510CF880026942F /* SKYResultCell.swift in Sources */ = {isa = PBXBuildFile; fileRef = DAFBEFFF2510CF880026942F /* SKYResultCell.swift */; };
		DAFBF0032510CFCA0026942F /* SKYResultCell.xib in Resources */ = {isa = PBXBuildFile; fileRef = DAFBF0022510CFCA0026942F /* SKYResultCell.xib */; };
		DAFBF0062510D2F40026942F /* APIResponse.swift in Sources */ = {isa = PBXBuildFile; fileRef = DAFBF0052510D2F40026942F /* APIResponse.swift */; };
/* End PBXBuildFile section */

/* Begin PBXContainerItemProxy section */
		DA2746452510B5C500EE87D0 /* PBXContainerItemProxy */ = {
			isa = PBXContainerItemProxy;
			containerPortal = DA2746262510B5C400EE87D0 /* Project object */;
			proxyType = 1;
			remoteGlobalIDString = DA27462D2510B5C400EE87D0;
			remoteInfo = Skyeng;
		};
/* End PBXContainerItemProxy section */

/* Begin PBXFileReference section */
		CA001362BD7016EC44825BCD /* Pods-Skyeng.debug.xcconfig */ = {isa = PBXFileReference; includeInIndex = 1; lastKnownFileType = text.xcconfig; name = "Pods-Skyeng.debug.xcconfig"; path = "Target Support Files/Pods-Skyeng/Pods-Skyeng.debug.xcconfig"; sourceTree = "<group>"; };
		DA27462E2510B5C400EE87D0 /* Skyeng.app */ = {isa = PBXFileReference; explicitFileType = wrapper.application; includeInIndex = 0; path = Skyeng.app; sourceTree = BUILT_PRODUCTS_DIR; };
		DA2746312510B5C400EE87D0 /* AppDelegate.swift */ = {isa = PBXFileReference; lastKnownFileType = sourcecode.swift; path = AppDelegate.swift; sourceTree = "<group>"; };
		DA2746332510B5C400EE87D0 /* SceneDelegate.swift */ = {isa = PBXFileReference; lastKnownFileType = sourcecode.swift; path = SceneDelegate.swift; sourceTree = "<group>"; };
		DA2746382510B5C400EE87D0 /* Base */ = {isa = PBXFileReference; lastKnownFileType = file.storyboard; name = Base; path = Base.lproj/Main.storyboard; sourceTree = "<group>"; };
		DA27463A2510B5C500EE87D0 /* Assets.xcassets */ = {isa = PBXFileReference; lastKnownFileType = folder.assetcatalog; path = Assets.xcassets; sourceTree = "<group>"; };
		DA27463D2510B5C500EE87D0 /* Base */ = {isa = PBXFileReference; lastKnownFileType = file.storyboard; name = Base; path = Base.lproj/LaunchScreen.storyboard; sourceTree = "<group>"; };
		DA27463F2510B5C500EE87D0 /* Info.plist */ = {isa = PBXFileReference; lastKnownFileType = text.plist.xml; path = Info.plist; sourceTree = "<group>"; };
		DA2746442510B5C500EE87D0 /* SkyengTests.xctest */ = {isa = PBXFileReference; explicitFileType = wrapper.cfbundle; includeInIndex = 0; path = SkyengTests.xctest; sourceTree = BUILT_PRODUCTS_DIR; };
		DA2746482510B5C500EE87D0 /* SkyengTests.swift */ = {isa = PBXFileReference; lastKnownFileType = sourcecode.swift; path = SkyengTests.swift; sourceTree = "<group>"; };
		DA27464A2510B5C500EE87D0 /* Info.plist */ = {isa = PBXFileReference; lastKnownFileType = text.plist.xml; path = Info.plist; sourceTree = "<group>"; };
		DA2746592510B74500EE87D0 /* SKYSearchPresenter.swift */ = {isa = PBXFileReference; lastKnownFileType = sourcecode.swift; path = SKYSearchPresenter.swift; sourceTree = "<group>"; };
		DA27465A2510B74500EE87D0 /* SKYSearchRouter.swift */ = {isa = PBXFileReference; lastKnownFileType = sourcecode.swift; path = SKYSearchRouter.swift; sourceTree = "<group>"; };
		DA27465B2510B74500EE87D0 /* SKYSearchViewController.swift */ = {isa = PBXFileReference; lastKnownFileType = sourcecode.swift; path = SKYSearchViewController.swift; sourceTree = "<group>"; };
		DA27465C2510B74500EE87D0 /* SKYSearchProtocols.swift */ = {isa = PBXFileReference; lastKnownFileType = sourcecode.swift; path = SKYSearchProtocols.swift; sourceTree = "<group>"; };
		DA27465D2510B74500EE87D0 /* SKYSearchAssembly.swift */ = {isa = PBXFileReference; lastKnownFileType = sourcecode.swift; path = SKYSearchAssembly.swift; sourceTree = "<group>"; };
		DA27465E2510B74500EE87D0 /* SKYSearchInteractor.swift */ = {isa = PBXFileReference; lastKnownFileType = sourcecode.swift; path = SKYSearchInteractor.swift; sourceTree = "<group>"; };
		DA5240FF2510DFE8006C77AD /* SKYWordPresenter.swift */ = {isa = PBXFileReference; lastKnownFileType = sourcecode.swift; path = SKYWordPresenter.swift; sourceTree = "<group>"; };
		DA5241002510DFE8006C77AD /* SKYWordRouter.swift */ = {isa = PBXFileReference; lastKnownFileType = sourcecode.swift; path = SKYWordRouter.swift; sourceTree = "<group>"; };
		DA5241012510DFE8006C77AD /* SKYWordViewController.swift */ = {isa = PBXFileReference; lastKnownFileType = sourcecode.swift; path = SKYWordViewController.swift; sourceTree = "<group>"; };
		DA5241022510DFE8006C77AD /* SKYWordProtocols.swift */ = {isa = PBXFileReference; lastKnownFileType = sourcecode.swift; path = SKYWordProtocols.swift; sourceTree = "<group>"; };
		DA5241032510DFE8006C77AD /* SKYWordAssembly.swift */ = {isa = PBXFileReference; lastKnownFileType = sourcecode.swift; path = SKYWordAssembly.swift; sourceTree = "<group>"; };
		DA5241042510DFE8006C77AD /* SKYWordInteractor.swift */ = {isa = PBXFileReference; lastKnownFileType = sourcecode.swift; path = SKYWordInteractor.swift; sourceTree = "<group>"; };
		DA52410D2510E367006C77AD /* SKYWordDataManager.swift */ = {isa = PBXFileReference; lastKnownFileType = sourcecode.swift; path = SKYWordDataManager.swift; sourceTree = "<group>"; };
		DA5241152510E5DC006C77AD /* SKYMeaningCell.swift */ = {isa = PBXFileReference; lastKnownFileType = sourcecode.swift; path = SKYMeaningCell.swift; sourceTree = "<group>"; };
		DA5241162510E5DC006C77AD /* SKYMeaningCell.xib */ = {isa = PBXFileReference; lastKnownFileType = file.xib; path = SKYMeaningCell.xib; sourceTree = "<group>"; };
		DA9EAEA72510F6580065E9DE /* SKYRequestTest.swift */ = {isa = PBXFileReference; lastKnownFileType = sourcecode.swift; path = SKYRequestTest.swift; sourceTree = "<group>"; };
		DAFBEFED2510BB180026942F /* NetworkItems.swift */ = {isa = PBXFileReference; fileEncoding = 4; lastKnownFileType = sourcecode.swift; path = NetworkItems.swift; sourceTree = "<group>"; };
		DAFBEFEF2510BB180026942F /* AlertMessage.swift */ = {isa = PBXFileReference; fileEncoding = 4; lastKnownFileType = sourcecode.swift; path = AlertMessage.swift; sourceTree = "<group>"; };
		DAFBEFF02510BB180026942F /* APIManager.swift */ = {isa = PBXFileReference; fileEncoding = 4; lastKnownFileType = sourcecode.swift; path = APIManager.swift; sourceTree = "<group>"; };
		DAFBEFF12510BB180026942F /* EndPointType.swift */ = {isa = PBXFileReference; fileEncoding = 4; lastKnownFileType = sourcecode.swift; path = EndPointType.swift; sourceTree = "<group>"; };
		DAFBEFF22510BB180026942F /* APIManagerRetrier.swift */ = {isa = PBXFileReference; fileEncoding = 4; lastKnownFileType = sourcecode.swift; path = APIManagerRetrier.swift; sourceTree = "<group>"; };
		DAFBEFF32510BB180026942F /* NetworkError.swift */ = {isa = PBXFileReference; fileEncoding = 4; lastKnownFileType = sourcecode.swift; path = NetworkError.swift; sourceTree = "<group>"; };
		DAFBEFFA2510CC110026942F /* SKYSearchDataManager.swift */ = {isa = PBXFileReference; lastKnownFileType = sourcecode.swift; path = SKYSearchDataManager.swift; sourceTree = "<group>"; };
		DAFBEFFD2510CF610026942F /* SKYTableViewCell.swift */ = {isa = PBXFileReference; lastKnownFileType = sourcecode.swift; path = SKYTableViewCell.swift; sourceTree = "<group>"; };
		DAFBEFFF2510CF880026942F /* SKYResultCell.swift */ = {isa = PBXFileReference; lastKnownFileType = sourcecode.swift; path = SKYResultCell.swift; sourceTree = "<group>"; };
		DAFBF0022510CFCA0026942F /* SKYResultCell.xib */ = {isa = PBXFileReference; lastKnownFileType = file.xib; path = SKYResultCell.xib; sourceTree = "<group>"; };
		DAFBF0052510D2F40026942F /* APIResponse.swift */ = {isa = PBXFileReference; lastKnownFileType = sourcecode.swift; path = APIResponse.swift; sourceTree = "<group>"; };
		EA59D0E2FED8215FBA719E2E /* Pods_Skyeng.framework */ = {isa = PBXFileReference; explicitFileType = wrapper.framework; includeInIndex = 0; path = Pods_Skyeng.framework; sourceTree = BUILT_PRODUCTS_DIR; };
		EEA2E0531C0C9E717F086EC9 /* Pods-Skyeng.release.xcconfig */ = {isa = PBXFileReference; includeInIndex = 1; lastKnownFileType = text.xcconfig; name = "Pods-Skyeng.release.xcconfig"; path = "Target Support Files/Pods-Skyeng/Pods-Skyeng.release.xcconfig"; sourceTree = "<group>"; };
/* End PBXFileReference section */

/* Begin PBXFrameworksBuildPhase section */
		DA27462B2510B5C400EE87D0 /* Frameworks */ = {
			isa = PBXFrameworksBuildPhase;
			buildActionMask = 2147483647;
			files = (
				051035491EBF3B150FDCCD1B /* Pods_Skyeng.framework in Frameworks */,
			);
			runOnlyForDeploymentPostprocessing = 0;
		};
		DA2746412510B5C500EE87D0 /* Frameworks */ = {
			isa = PBXFrameworksBuildPhase;
			buildActionMask = 2147483647;
			files = (
			);
			runOnlyForDeploymentPostprocessing = 0;
		};
/* End PBXFrameworksBuildPhase section */

/* Begin PBXGroup section */
		258719C45157D322A76DE4E4 /* Pods */ = {
			isa = PBXGroup;
			children = (
				CA001362BD7016EC44825BCD /* Pods-Skyeng.debug.xcconfig */,
				EEA2E0531C0C9E717F086EC9 /* Pods-Skyeng.release.xcconfig */,
			);
			path = Pods;
			sourceTree = "<group>";
		};
		89AC8E024AE7C2F4A9D068AA /* Frameworks */ = {
			isa = PBXGroup;
			children = (
				EA59D0E2FED8215FBA719E2E /* Pods_Skyeng.framework */,
			);
			name = Frameworks;
			sourceTree = "<group>";
		};
		DA2746252510B5C400EE87D0 = {
			isa = PBXGroup;
			children = (
				DA2746302510B5C400EE87D0 /* Skyeng */,
				DA2746472510B5C500EE87D0 /* SkyengTests */,
				DA27462F2510B5C400EE87D0 /* Products */,
				258719C45157D322A76DE4E4 /* Pods */,
				89AC8E024AE7C2F4A9D068AA /* Frameworks */,
			);
			sourceTree = "<group>";
		};
		DA27462F2510B5C400EE87D0 /* Products */ = {
			isa = PBXGroup;
			children = (
				DA27462E2510B5C400EE87D0 /* Skyeng.app */,
				DA2746442510B5C500EE87D0 /* SkyengTests.xctest */,
			);
			name = Products;
			sourceTree = "<group>";
		};
		DA2746302510B5C400EE87D0 /* Skyeng */ = {
			isa = PBXGroup;
			children = (
				DA2746542510B63600EE87D0 /* Application */,
				DA2746552510B64200EE87D0 /* Presentation Layer */,
				DAFBEFEB2510BB180026942F /* Network */,
				DA2746532510B62700EE87D0 /* Supporting Files */,
			);
			path = Skyeng;
			sourceTree = "<group>";
		};
		DA2746472510B5C500EE87D0 /* SkyengTests */ = {
			isa = PBXGroup;
			children = (
				DA2746482510B5C500EE87D0 /* SkyengTests.swift */,
				DA27464A2510B5C500EE87D0 /* Info.plist */,
				DA9EAEA72510F6580065E9DE /* SKYRequestTest.swift */,
			);
			path = SkyengTests;
			sourceTree = "<group>";
		};
		DA2746532510B62700EE87D0 /* Supporting Files */ = {
			isa = PBXGroup;
			children = (
				DA27463F2510B5C500EE87D0 /* Info.plist */,
			);
			path = "Supporting Files";
			sourceTree = "<group>";
		};
		DA2746542510B63600EE87D0 /* Application */ = {
			isa = PBXGroup;
			children = (
				DA2746312510B5C400EE87D0 /* AppDelegate.swift */,
				DA2746332510B5C400EE87D0 /* SceneDelegate.swift */,
			);
			path = Application;
			sourceTree = "<group>";
		};
		DA2746552510B64200EE87D0 /* Presentation Layer */ = {
			isa = PBXGroup;
			children = (
				DAFBEFFC2510CF4A0026942F /* Cells */,
				DA2746582510B72800EE87D0 /* Modules */,
				DA2746562510B65000EE87D0 /* Storyboards */,
				DA2746572510B65A00EE87D0 /* Assets */,
			);
			path = "Presentation Layer";
			sourceTree = "<group>";
		};
		DA2746562510B65000EE87D0 /* Storyboards */ = {
			isa = PBXGroup;
			children = (
				DA27463C2510B5C500EE87D0 /* LaunchScreen.storyboard */,
				DA2746372510B5C400EE87D0 /* Main.storyboard */,
			);
			path = Storyboards;
			sourceTree = "<group>";
		};
		DA2746572510B65A00EE87D0 /* Assets */ = {
			isa = PBXGroup;
			children = (
				DA27463A2510B5C500EE87D0 /* Assets.xcassets */,
			);
			path = Assets;
			sourceTree = "<group>";
		};
		DA2746582510B72800EE87D0 /* Modules */ = {
			isa = PBXGroup;
			children = (
				DA5240FE2510DFCD006C77AD /* Search */,
				DA52410C2510DFF2006C77AD /* Word */,
			);
			path = Modules;
			sourceTree = "<group>";
		};
		DA5240FE2510DFCD006C77AD /* Search */ = {
			isa = PBXGroup;
			children = (
				DA27465D2510B74500EE87D0 /* SKYSearchAssembly.swift */,
				DA27465C2510B74500EE87D0 /* SKYSearchProtocols.swift */,
				DAFBEFFA2510CC110026942F /* SKYSearchDataManager.swift */,
				DA27465B2510B74500EE87D0 /* SKYSearchViewController.swift */,
				DA2746592510B74500EE87D0 /* SKYSearchPresenter.swift */,
				DA27465E2510B74500EE87D0 /* SKYSearchInteractor.swift */,
				DA27465A2510B74500EE87D0 /* SKYSearchRouter.swift */,
			);
			path = Search;
			sourceTree = "<group>";
		};
		DA52410C2510DFF2006C77AD /* Word */ = {
			isa = PBXGroup;
			children = (
				DA5241032510DFE8006C77AD /* SKYWordAssembly.swift */,
				DA5241022510DFE8006C77AD /* SKYWordProtocols.swift */,
				DA52410D2510E367006C77AD /* SKYWordDataManager.swift */,
				DA5241012510DFE8006C77AD /* SKYWordViewController.swift */,
				DA5240FF2510DFE8006C77AD /* SKYWordPresenter.swift */,
				DA5241042510DFE8006C77AD /* SKYWordInteractor.swift */,
				DA5241002510DFE8006C77AD /* SKYWordRouter.swift */,
			);
			path = Word;
			sourceTree = "<group>";
		};
		DA5241142510E5C6006C77AD /* MeaningCell */ = {
			isa = PBXGroup;
			children = (
				DA5241152510E5DC006C77AD /* SKYMeaningCell.swift */,
				DA5241162510E5DC006C77AD /* SKYMeaningCell.xib */,
			);
			path = MeaningCell;
			sourceTree = "<group>";
		};
		DAFBEFEB2510BB180026942F /* Network */ = {
			isa = PBXGroup;
			children = (
				DAFBF0042510D2E10026942F /* Response */,
				DAFBEFEC2510BB180026942F /* Requests */,
				DAFBEFEE2510BB180026942F /* Base */,
			);
			path = Network;
			sourceTree = "<group>";
		};
		DAFBEFEC2510BB180026942F /* Requests */ = {
			isa = PBXGroup;
			children = (
				DAFBEFED2510BB180026942F /* NetworkItems.swift */,
			);
			path = Requests;
			sourceTree = "<group>";
		};
		DAFBEFEE2510BB180026942F /* Base */ = {
			isa = PBXGroup;
			children = (
				DAFBEFEF2510BB180026942F /* AlertMessage.swift */,
				DAFBEFF02510BB180026942F /* APIManager.swift */,
				DAFBEFF12510BB180026942F /* EndPointType.swift */,
				DAFBEFF22510BB180026942F /* APIManagerRetrier.swift */,
				DAFBEFF32510BB180026942F /* NetworkError.swift */,
			);
			path = Base;
			sourceTree = "<group>";
		};
		DAFBEFFC2510CF4A0026942F /* Cells */ = {
			isa = PBXGroup;
			children = (
				DA5241142510E5C6006C77AD /* MeaningCell */,
				DAFBF0012510CF910026942F /* ResultCell */,
				DAFBEFFD2510CF610026942F /* SKYTableViewCell.swift */,
			);
			path = Cells;
			sourceTree = "<group>";
		};
		DAFBF0012510CF910026942F /* ResultCell */ = {
			isa = PBXGroup;
			children = (
				DAFBEFFF2510CF880026942F /* SKYResultCell.swift */,
				DAFBF0022510CFCA0026942F /* SKYResultCell.xib */,
			);
			path = ResultCell;
			sourceTree = "<group>";
		};
		DAFBF0042510D2E10026942F /* Response */ = {
			isa = PBXGroup;
			children = (
				DAFBF0052510D2F40026942F /* APIResponse.swift */,
			);
			path = Response;
			sourceTree = "<group>";
		};
/* End PBXGroup section */

/* Begin PBXNativeTarget section */
		DA27462D2510B5C400EE87D0 /* Skyeng */ = {
			isa = PBXNativeTarget;
			buildConfigurationList = DA27464D2510B5C500EE87D0 /* Build configuration list for PBXNativeTarget "Skyeng" */;
			buildPhases = (
				90AD471F8D6B83739AFD8AF2 /* [CP] Check Pods Manifest.lock */,
				DA27462A2510B5C400EE87D0 /* Sources */,
				DA27462B2510B5C400EE87D0 /* Frameworks */,
				DA27462C2510B5C400EE87D0 /* Resources */,
				E54EEEC76BBE7121BA311F22 /* [CP] Embed Pods Frameworks */,
			);
			buildRules = (
			);
			dependencies = (
			);
			name = Skyeng;
			productName = Skyeng;
			productReference = DA27462E2510B5C400EE87D0 /* Skyeng.app */;
			productType = "com.apple.product-type.application";
		};
		DA2746432510B5C500EE87D0 /* SkyengTests */ = {
			isa = PBXNativeTarget;
			buildConfigurationList = DA2746502510B5C500EE87D0 /* Build configuration list for PBXNativeTarget "SkyengTests" */;
			buildPhases = (
				DA2746402510B5C500EE87D0 /* Sources */,
				DA2746412510B5C500EE87D0 /* Frameworks */,
				DA2746422510B5C500EE87D0 /* Resources */,
			);
			buildRules = (
			);
			dependencies = (
				DA2746462510B5C500EE87D0 /* PBXTargetDependency */,
			);
			name = SkyengTests;
			productName = SkyengTests;
			productReference = DA2746442510B5C500EE87D0 /* SkyengTests.xctest */;
			productType = "com.apple.product-type.bundle.unit-test";
		};
/* End PBXNativeTarget section */

/* Begin PBXProject section */
		DA2746262510B5C400EE87D0 /* Project object */ = {
			isa = PBXProject;
			attributes = {
				CLASSPREFIX = SKY;
				LastSwiftUpdateCheck = 1170;
				LastUpgradeCheck = 1170;
				ORGANIZATIONNAME = "Kirill Shalankin";
				TargetAttributes = {
					DA27462D2510B5C400EE87D0 = {
						CreatedOnToolsVersion = 11.7;
					};
					DA2746432510B5C500EE87D0 = {
						CreatedOnToolsVersion = 11.7;
						TestTargetID = DA27462D2510B5C400EE87D0;
					};
				};
			};
			buildConfigurationList = DA2746292510B5C400EE87D0 /* Build configuration list for PBXProject "Skyeng" */;
			compatibilityVersion = "Xcode 9.3";
			developmentRegion = en;
			hasScannedForEncodings = 0;
			knownRegions = (
				en,
				Base,
			);
			mainGroup = DA2746252510B5C400EE87D0;
			productRefGroup = DA27462F2510B5C400EE87D0 /* Products */;
			projectDirPath = "";
			projectRoot = "";
			targets = (
				DA27462D2510B5C400EE87D0 /* Skyeng */,
				DA2746432510B5C500EE87D0 /* SkyengTests */,
			);
		};
/* End PBXProject section */

/* Begin PBXResourcesBuildPhase section */
		DA27462C2510B5C400EE87D0 /* Resources */ = {
			isa = PBXResourcesBuildPhase;
			buildActionMask = 2147483647;
			files = (
				DAFBF0032510CFCA0026942F /* SKYResultCell.xib in Resources */,
				DA5241182510E5DC006C77AD /* SKYMeaningCell.xib in Resources */,
				DA27463E2510B5C500EE87D0 /* LaunchScreen.storyboard in Resources */,
				DA27463B2510B5C500EE87D0 /* Assets.xcassets in Resources */,
				DA2746392510B5C400EE87D0 /* Main.storyboard in Resources */,
			);
			runOnlyForDeploymentPostprocessing = 0;
		};
		DA2746422510B5C500EE87D0 /* Resources */ = {
			isa = PBXResourcesBuildPhase;
			buildActionMask = 2147483647;
			files = (
			);
			runOnlyForDeploymentPostprocessing = 0;
		};
/* End PBXResourcesBuildPhase section */

/* Begin PBXShellScriptBuildPhase section */
		90AD471F8D6B83739AFD8AF2 /* [CP] Check Pods Manifest.lock */ = {
			isa = PBXShellScriptBuildPhase;
			buildActionMask = 2147483647;
			files = (
			);
			inputFileListPaths = (
			);
			inputPaths = (
				"${PODS_PODFILE_DIR_PATH}/Podfile.lock",
				"${PODS_ROOT}/Manifest.lock",
			);
			name = "[CP] Check Pods Manifest.lock";
			outputFileListPaths = (
			);
			outputPaths = (
				"$(DERIVED_FILE_DIR)/Pods-Skyeng-checkManifestLockResult.txt",
			);
			runOnlyForDeploymentPostprocessing = 0;
			shellPath = /bin/sh;
			shellScript = "diff \"${PODS_PODFILE_DIR_PATH}/Podfile.lock\" \"${PODS_ROOT}/Manifest.lock\" > /dev/null\nif [ $? != 0 ] ; then\n    # print error to STDERR\n    echo \"error: The sandbox is not in sync with the Podfile.lock. Run 'pod install' or update your CocoaPods installation.\" >&2\n    exit 1\nfi\n# This output is used by Xcode 'outputs' to avoid re-running this script phase.\necho \"SUCCESS\" > \"${SCRIPT_OUTPUT_FILE_0}\"\n";
			showEnvVarsInLog = 0;
		};
		E54EEEC76BBE7121BA311F22 /* [CP] Embed Pods Frameworks */ = {
			isa = PBXShellScriptBuildPhase;
			buildActionMask = 2147483647;
			files = (
			);
			inputFileListPaths = (
				"${PODS_ROOT}/Target Support Files/Pods-Skyeng/Pods-Skyeng-frameworks-${CONFIGURATION}-input-files.xcfilelist",
			);
			name = "[CP] Embed Pods Frameworks";
			outputFileListPaths = (
				"${PODS_ROOT}/Target Support Files/Pods-Skyeng/Pods-Skyeng-frameworks-${CONFIGURATION}-output-files.xcfilelist",
			);
			runOnlyForDeploymentPostprocessing = 0;
			shellPath = /bin/sh;
			shellScript = "\"${PODS_ROOT}/Target Support Files/Pods-Skyeng/Pods-Skyeng-frameworks.sh\"\n";
			showEnvVarsInLog = 0;
		};
/* End PBXShellScriptBuildPhase section */

/* Begin PBXSourcesBuildPhase section */
		DA27462A2510B5C400EE87D0 /* Sources */ = {
			isa = PBXSourcesBuildPhase;
			buildActionMask = 2147483647;
			files = (
				DAFBF0002510CF880026942F /* SKYResultCell.swift in Sources */,
				DA2746322510B5C400EE87D0 /* AppDelegate.swift in Sources */,
				DAFBEFFB2510CC110026942F /* SKYSearchDataManager.swift in Sources */,
				DA5241082510DFE8006C77AD /* SKYWordProtocols.swift in Sources */,
				DAFBF0062510D2F40026942F /* APIResponse.swift in Sources */,
				DAFBEFF92510BB180026942F /* NetworkError.swift in Sources */,
				DA5241172510E5DC006C77AD /* SKYMeaningCell.swift in Sources */,
				DA2746342510B5C400EE87D0 /* SceneDelegate.swift in Sources */,
				DA52410E2510E367006C77AD /* SKYWordDataManager.swift in Sources */,
				DA2746632510B74500EE87D0 /* SKYSearchAssembly.swift in Sources */,
				DA2746602510B74500EE87D0 /* SKYSearchRouter.swift in Sources */,
				DAFBEFF62510BB180026942F /* APIManager.swift in Sources */,
				DA2746642510B74500EE87D0 /* SKYSearchInteractor.swift in Sources */,
				DA27465F2510B74500EE87D0 /* SKYSearchPresenter.swift in Sources */,
				DAFBEFF52510BB180026942F /* AlertMessage.swift in Sources */,
				DA5241072510DFE8006C77AD /* SKYWordViewController.swift in Sources */,
				DA5241052510DFE8006C77AD /* SKYWordPresenter.swift in Sources */,
				DAFBEFF72510BB180026942F /* EndPointType.swift in Sources */,
				DA52410A2510DFE8006C77AD /* SKYWordInteractor.swift in Sources */,
				DA5241062510DFE8006C77AD /* SKYWordRouter.swift in Sources */,
				DAFBEFFE2510CF610026942F /* SKYTableViewCell.swift in Sources */,
				DAFBEFF42510BB180026942F /* NetworkItems.swift in Sources */,
				DAFBEFF82510BB180026942F /* APIManagerRetrier.swift in Sources */,
				DA5241092510DFE8006C77AD /* SKYWordAssembly.swift in Sources */,
				DA2746612510B74500EE87D0 /* SKYSearchViewController.swift in Sources */,
				DA2746622510B74500EE87D0 /* SKYSearchProtocols.swift in Sources */,
			);
			runOnlyForDeploymentPostprocessing = 0;
		};
		DA2746402510B5C500EE87D0 /* Sources */ = {
			isa = PBXSourcesBuildPhase;
			buildActionMask = 2147483647;
			files = (
				DA2746492510B5C500EE87D0 /* SkyengTests.swift in Sources */,
				DA9EAEA82510F6580065E9DE /* SKYRequestTest.swift in Sources */,
			);
			runOnlyForDeploymentPostprocessing = 0;
		};
/* End PBXSourcesBuildPhase section */

/* Begin PBXTargetDependency section */
		DA2746462510B5C500EE87D0 /* PBXTargetDependency */ = {
			isa = PBXTargetDependency;
			target = DA27462D2510B5C400EE87D0 /* Skyeng */;
			targetProxy = DA2746452510B5C500EE87D0 /* PBXContainerItemProxy */;
		};
/* End PBXTargetDependency section */

/* Begin PBXVariantGroup section */
		DA2746372510B5C400EE87D0 /* Main.storyboard */ = {
			isa = PBXVariantGroup;
			children = (
				DA2746382510B5C400EE87D0 /* Base */,
			);
			name = Main.storyboard;
			sourceTree = "<group>";
		};
		DA27463C2510B5C500EE87D0 /* LaunchScreen.storyboard */ = {
			isa = PBXVariantGroup;
			children = (
				DA27463D2510B5C500EE87D0 /* Base */,
			);
			name = LaunchScreen.storyboard;
			sourceTree = "<group>";
		};
/* End PBXVariantGroup section */

/* Begin XCBuildConfiguration section */
		DA27464B2510B5C500EE87D0 /* Debug */ = {
			isa = XCBuildConfiguration;
			buildSettings = {
				ALWAYS_SEARCH_USER_PATHS = NO;
				CLANG_ANALYZER_NONNULL = YES;
				CLANG_ANALYZER_NUMBER_OBJECT_CONVERSION = YES_AGGRESSIVE;
				CLANG_CXX_LANGUAGE_STANDARD = "gnu++14";
				CLANG_CXX_LIBRARY = "libc++";
				CLANG_ENABLE_MODULES = YES;
				CLANG_ENABLE_OBJC_ARC = YES;
				CLANG_ENABLE_OBJC_WEAK = YES;
				CLANG_WARN_BLOCK_CAPTURE_AUTORELEASING = YES;
				CLANG_WARN_BOOL_CONVERSION = YES;
				CLANG_WARN_COMMA = YES;
				CLANG_WARN_CONSTANT_CONVERSION = YES;
				CLANG_WARN_DEPRECATED_OBJC_IMPLEMENTATIONS = YES;
				CLANG_WARN_DIRECT_OBJC_ISA_USAGE = YES_ERROR;
				CLANG_WARN_DOCUMENTATION_COMMENTS = YES;
				CLANG_WARN_EMPTY_BODY = YES;
				CLANG_WARN_ENUM_CONVERSION = YES;
				CLANG_WARN_INFINITE_RECURSION = YES;
				CLANG_WARN_INT_CONVERSION = YES;
				CLANG_WARN_NON_LITERAL_NULL_CONVERSION = YES;
				CLANG_WARN_OBJC_IMPLICIT_RETAIN_SELF = YES;
				CLANG_WARN_OBJC_LITERAL_CONVERSION = YES;
				CLANG_WARN_OBJC_ROOT_CLASS = YES_ERROR;
				CLANG_WARN_RANGE_LOOP_ANALYSIS = YES;
				CLANG_WARN_STRICT_PROTOTYPES = YES;
				CLANG_WARN_SUSPICIOUS_MOVE = YES;
				CLANG_WARN_UNGUARDED_AVAILABILITY = YES_AGGRESSIVE;
				CLANG_WARN_UNREACHABLE_CODE = YES;
				CLANG_WARN__DUPLICATE_METHOD_MATCH = YES;
				COPY_PHASE_STRIP = NO;
				DEBUG_INFORMATION_FORMAT = dwarf;
				ENABLE_STRICT_OBJC_MSGSEND = YES;
				ENABLE_TESTABILITY = YES;
				GCC_C_LANGUAGE_STANDARD = gnu11;
				GCC_DYNAMIC_NO_PIC = NO;
				GCC_NO_COMMON_BLOCKS = YES;
				GCC_OPTIMIZATION_LEVEL = 0;
				GCC_PREPROCESSOR_DEFINITIONS = (
					"DEBUG=1",
					"$(inherited)",
				);
				GCC_WARN_64_TO_32_BIT_CONVERSION = YES;
				GCC_WARN_ABOUT_RETURN_TYPE = YES_ERROR;
				GCC_WARN_UNDECLARED_SELECTOR = YES;
				GCC_WARN_UNINITIALIZED_AUTOS = YES_AGGRESSIVE;
				GCC_WARN_UNUSED_FUNCTION = YES;
				GCC_WARN_UNUSED_VARIABLE = YES;
				IPHONEOS_DEPLOYMENT_TARGET = 13.7;
				MTL_ENABLE_DEBUG_INFO = INCLUDE_SOURCE;
				MTL_FAST_MATH = YES;
				ONLY_ACTIVE_ARCH = YES;
				SDKROOT = iphoneos;
				SWIFT_ACTIVE_COMPILATION_CONDITIONS = DEBUG;
				SWIFT_OPTIMIZATION_LEVEL = "-Onone";
			};
			name = Debug;
		};
		DA27464C2510B5C500EE87D0 /* Release */ = {
			isa = XCBuildConfiguration;
			buildSettings = {
				ALWAYS_SEARCH_USER_PATHS = NO;
				CLANG_ANALYZER_NONNULL = YES;
				CLANG_ANALYZER_NUMBER_OBJECT_CONVERSION = YES_AGGRESSIVE;
				CLANG_CXX_LANGUAGE_STANDARD = "gnu++14";
				CLANG_CXX_LIBRARY = "libc++";
				CLANG_ENABLE_MODULES = YES;
				CLANG_ENABLE_OBJC_ARC = YES;
				CLANG_ENABLE_OBJC_WEAK = YES;
				CLANG_WARN_BLOCK_CAPTURE_AUTORELEASING = YES;
				CLANG_WARN_BOOL_CONVERSION = YES;
				CLANG_WARN_COMMA = YES;
				CLANG_WARN_CONSTANT_CONVERSION = YES;
				CLANG_WARN_DEPRECATED_OBJC_IMPLEMENTATIONS = YES;
				CLANG_WARN_DIRECT_OBJC_ISA_USAGE = YES_ERROR;
				CLANG_WARN_DOCUMENTATION_COMMENTS = YES;
				CLANG_WARN_EMPTY_BODY = YES;
				CLANG_WARN_ENUM_CONVERSION = YES;
				CLANG_WARN_INFINITE_RECURSION = YES;
				CLANG_WARN_INT_CONVERSION = YES;
				CLANG_WARN_NON_LITERAL_NULL_CONVERSION = YES;
				CLANG_WARN_OBJC_IMPLICIT_RETAIN_SELF = YES;
				CLANG_WARN_OBJC_LITERAL_CONVERSION = YES;
				CLANG_WARN_OBJC_ROOT_CLASS = YES_ERROR;
				CLANG_WARN_RANGE_LOOP_ANALYSIS = YES;
				CLANG_WARN_STRICT_PROTOTYPES = YES;
				CLANG_WARN_SUSPICIOUS_MOVE = YES;
				CLANG_WARN_UNGUARDED_AVAILABILITY = YES_AGGRESSIVE;
				CLANG_WARN_UNREACHABLE_CODE = YES;
				CLANG_WARN__DUPLICATE_METHOD_MATCH = YES;
				COPY_PHASE_STRIP = NO;
				DEBUG_INFORMATION_FORMAT = "dwarf-with-dsym";
				ENABLE_NS_ASSERTIONS = NO;
				ENABLE_STRICT_OBJC_MSGSEND = YES;
				GCC_C_LANGUAGE_STANDARD = gnu11;
				GCC_NO_COMMON_BLOCKS = YES;
				GCC_WARN_64_TO_32_BIT_CONVERSION = YES;
				GCC_WARN_ABOUT_RETURN_TYPE = YES_ERROR;
				GCC_WARN_UNDECLARED_SELECTOR = YES;
				GCC_WARN_UNINITIALIZED_AUTOS = YES_AGGRESSIVE;
				GCC_WARN_UNUSED_FUNCTION = YES;
				GCC_WARN_UNUSED_VARIABLE = YES;
				IPHONEOS_DEPLOYMENT_TARGET = 13.7;
				MTL_ENABLE_DEBUG_INFO = NO;
				MTL_FAST_MATH = YES;
				SDKROOT = iphoneos;
				SWIFT_COMPILATION_MODE = wholemodule;
				SWIFT_OPTIMIZATION_LEVEL = "-O";
				VALIDATE_PRODUCT = YES;
			};
			name = Release;
		};
		DA27464E2510B5C500EE87D0 /* Debug */ = {
			isa = XCBuildConfiguration;
			baseConfigurationReference = CA001362BD7016EC44825BCD /* Pods-Skyeng.debug.xcconfig */;
			buildSettings = {
				ASSETCATALOG_COMPILER_APPICON_NAME = AppIcon;
				CODE_SIGN_STYLE = Automatic;
				CURRENT_PROJECT_VERSION = 1;
				DEVELOPMENT_TEAM = 76PAWKG5GV;
				INFOPLIST_FILE = "$(SRCROOT)/Skyeng/Supporting Files/Info.plist";
				LD_RUNPATH_SEARCH_PATHS = (
					"$(inherited)",
					"@executable_path/Frameworks",
				);
				MARKETING_VERSION = 1.0;
				PRODUCT_BUNDLE_IDENTIFIER = me.shalankin.Skyeng;
				PRODUCT_NAME = "$(TARGET_NAME)";
				SWIFT_VERSION = 5.0;
				TARGETED_DEVICE_FAMILY = 1;
			};
			name = Debug;
		};
		DA27464F2510B5C500EE87D0 /* Release */ = {
			isa = XCBuildConfiguration;
			baseConfigurationReference = EEA2E0531C0C9E717F086EC9 /* Pods-Skyeng.release.xcconfig */;
			buildSettings = {
				ASSETCATALOG_COMPILER_APPICON_NAME = AppIcon;
				CODE_SIGN_STYLE = Automatic;
				CURRENT_PROJECT_VERSION = 1;
				DEVELOPMENT_TEAM = 76PAWKG5GV;
				INFOPLIST_FILE = "$(SRCROOT)/Skyeng/Supporting Files/Info.plist";
				LD_RUNPATH_SEARCH_PATHS = (
					"$(inherited)",
					"@executable_path/Frameworks",
				);
				MARKETING_VERSION = 1.0;
				PRODUCT_BUNDLE_IDENTIFIER = me.shalankin.Skyeng;
				PRODUCT_NAME = "$(TARGET_NAME)";
				SWIFT_VERSION = 5.0;
				TARGETED_DEVICE_FAMILY = 1;
			};
			name = Release;
		};
		DA2746512510B5C500EE87D0 /* Debug */ = {
			isa = XCBuildConfiguration;
			buildSettings = {
				ALWAYS_EMBED_SWIFT_STANDARD_LIBRARIES = YES;
				BUNDLE_LOADER = "$(TEST_HOST)";
				CODE_SIGN_STYLE = Automatic;
				DEVELOPMENT_TEAM = 76PAWKG5GV;
				INFOPLIST_FILE = SkyengTests/Info.plist;
				IPHONEOS_DEPLOYMENT_TARGET = 13.7;
				LD_RUNPATH_SEARCH_PATHS = (
					"$(inherited)",
					"@executable_path/Frameworks",
					"@loader_path/Frameworks",
				);
				PRODUCT_BUNDLE_IDENTIFIER = me.shalankin.SkyengTests;
				PRODUCT_NAME = "$(TARGET_NAME)";
				SWIFT_VERSION = 5.0;
				TARGETED_DEVICE_FAMILY = "1,2";
				TEST_HOST = "$(BUILT_PRODUCTS_DIR)/Skyeng.app/Skyeng";
			};
			name = Debug;
		};
		DA2746522510B5C500EE87D0 /* Release */ = {
			isa = XCBuildConfiguration;
			buildSettings = {
				ALWAYS_EMBED_SWIFT_STANDARD_LIBRARIES = YES;
				BUNDLE_LOADER = "$(TEST_HOST)";
				CODE_SIGN_STYLE = Automatic;
				DEVELOPMENT_TEAM = 76PAWKG5GV;
				INFOPLIST_FILE = SkyengTests/Info.plist;
				IPHONEOS_DEPLOYMENT_TARGET = 13.7;
				LD_RUNPATH_SEARCH_PATHS = (
					"$(inherited)",
					"@executable_path/Frameworks",
					"@loader_path/Frameworks",
				);
				PRODUCT_BUNDLE_IDENTIFIER = me.shalankin.SkyengTests;
				PRODUCT_NAME = "$(TARGET_NAME)";
				SWIFT_VERSION = 5.0;
				TARGETED_DEVICE_FAMILY = "1,2";
				TEST_HOST = "$(BUILT_PRODUCTS_DIR)/Skyeng.app/Skyeng";
			};
			name = Release;
		};
/* End XCBuildConfiguration section */

/* Begin XCConfigurationList section */
		DA2746292510B5C400EE87D0 /* Build configuration list for PBXProject "Skyeng" */ = {
			isa = XCConfigurationList;
			buildConfigurations = (
				DA27464B2510B5C500EE87D0 /* Debug */,
				DA27464C2510B5C500EE87D0 /* Release */,
			);
			defaultConfigurationIsVisible = 0;
			defaultConfigurationName = Release;
		};
		DA27464D2510B5C500EE87D0 /* Build configuration list for PBXNativeTarget "Skyeng" */ = {
			isa = XCConfigurationList;
			buildConfigurations = (
				DA27464E2510B5C500EE87D0 /* Debug */,
				DA27464F2510B5C500EE87D0 /* Release */,
			);
			defaultConfigurationIsVisible = 0;
			defaultConfigurationName = Release;
		};
		DA2746502510B5C500EE87D0 /* Build configuration list for PBXNativeTarget "SkyengTests" */ = {
			isa = XCConfigurationList;
			buildConfigurations = (
				DA2746512510B5C500EE87D0 /* Debug */,
				DA2746522510B5C500EE87D0 /* Release */,
			);
			defaultConfigurationIsVisible = 0;
			defaultConfigurationName = Release;
		};
/* End XCConfigurationList section */
	};
	rootObject = DA2746262510B5C400EE87D0 /* Project object */;
}
